
Microsoft Visual Studio Solution File, Format Version 12.00
# Visual Studio Version 17
VisualStudioVersion = 17.1.32210.238
MinimumVisualStudioVersion = 10.0.40219.1
Project("{9A19103F-16F7-4668-BE54-9A1E7A4F7556}") = "Demo", "Demo\Demo.csproj", "{A0C30459-0720-41FF-AA76-905C4E326979}"
EndProject
Project("{FAE04EC0-301F-11D3-BF4B-00C04F79EFBC}") = "SoftUni", "SoftUni\SoftUni.csproj", "{64F94C69-7340-4EA1-9F77-CEF7C7090804}"
EndProject
Global
	GlobalSection(SolutionConfigurationPlatforms) = preSolution
		Debug|Any CPU = Debug|Any CPU
		Release|Any CPU = Release|Any CPU
	EndGlobalSection
	GlobalSection(ProjectConfigurationPlatforms) = postSolution
		{A0C30459-0720-41FF-AA76-905C4E326979}.Debug|Any CPU.ActiveCfg = Debug|Any CPU
		{A0C30459-0720-41FF-AA76-905C4E326979}.Debug|Any CPU.Build.0 = Debug|Any CPU
		{A0C30459-0720-41FF-AA76-905C4E326979}.Release|Any CPU.ActiveCfg = Release|Any CPU
		{A0C30459-0720-41FF-AA76-905C4E326979}.Release|Any CPU.Build.0 = Release|Any CPU
		{64F94C69-7340-4EA1-9F77-CEF7C7090804}.Debug|Any CPU.ActiveCfg = Debug|Any CPU
		{64F94C69-7340-4EA1-9F77-CEF7C7090804}.Debug|Any CPU.Build.0 = Debug|Any CPU
		{64F94C69-7340-4EA1-9F77-CEF7C7090804}.Release|Any CPU.ActiveCfg = Release|Any CPU
		{64F94C69-7340-4EA1-9F77-CEF7C7090804}.Release|Any CPU.Build.0 = Release|Any CPU
	EndGlobalSection
	GlobalSection(SolutionProperties) = preSolution
		HideSolutionNode = FALSE
	EndGlobalSection
	GlobalSection(ExtensibilityGlobals) = postSolution
		SolutionGuid = {F518717D-7141-4A4A-B93C-3A0D482EEE4E}
	EndGlobalSection
EndGlobal
